# This file is automatically @generated by Cargo.
# It is not intended for manual editing.
version = 4

[[package]]
name = "asm-rs"
version = "0.2.0"
source = "registry+https://github.com/rust-lang/crates.io-index"
checksum = "b43cd6bd0e5c09388248d6619d4f7e79b2f4f86b4aecf1f830430e40acee1455"

[[package]]
name = "dtor"
version = "1.0.6"
source = "registry+https://github.com/rust-lang/crates.io-index"
checksum = "cd3f6c362b2bbd7063090886afd78978f5dbf1f11da7efcc40f81d32c943fac1"
dependencies = [
 "linktime-proc-macro",
]

[[package]]
name = "eight"
version = "0.1.0"
dependencies = [
 "asm-rs",
 "dtor",
 "libc",
 "xxx",
]

[[package]]
name = "libc"
version = "0.2.189"
source = "registry+https://github.com/rust-lang/crates.io-index"
checksum = "3eaf3ede3fee6db1a4c2ee091bf8a8b4dccdc6d17f656fb07896ee72867612f2"

[[package]]
name = "linktime-proc-macro"
version = "0.2.3"
source = "registry+https://github.com/rust-lang/crates.io-index"
checksum = "7e57c38c1e860fd37c604281cdfb1dd2216977fd76a50f85ba2f388ef3219616"

[[package]]
name = "xxx"
version = "0.2.0"
source = "git+https://github.com/bleedsa/xxx?branch=2.0#52b3366225df42f4520ee936f3244edfd5e58c55"
