# This file is automatically @generated by Cargo.
# It is not intended for manual editing.
version = 4

[[package]]
name = "assembler"
version = "0.10.1"
source = "registry+https://github.com/rust-lang/crates.io-index"
checksum = "87394e5e13802ed108ab335cdb9626251a2ea8b54902a026619bc851fe032a87"
dependencies = [
 "libc",
 "likely",
]

[[package]]
name = "ctor"
version = "1.0.13"
source = "registry+https://github.com/rust-lang/crates.io-index"
checksum = "914a755b7c2d4af2bdcff7ce1739e2db9a1b81a9b07123d8015786ae03c0980d"
dependencies = [
 "link-section",
 "linktime-proc-macro",
]

[[package]]
name = "eight"
version = "0.1.0"
dependencies = [
 "assembler",
 "ctor",
 "libc",
 "xxx",
]

[[package]]
name = "libc"
version = "0.2.189"
source = "registry+https://github.com/rust-lang/crates.io-index"
checksum = "3eaf3ede3fee6db1a4c2ee091bf8a8b4dccdc6d17f656fb07896ee72867612f2"

[[package]]
name = "likely"
version = "0.1.0"
source = "registry+https://github.com/rust-lang/crates.io-index"
checksum = "a376724c7528c066bb67f2e958a9ce95f1dee26a57e614f64a9e7b15ea0bb9f5"

[[package]]
name = "link-section"
version = "0.19.3"
source = "registry+https://github.com/rust-lang/crates.io-index"
checksum = "39c29a617ce3df32c08497bdc1ab6e2376e0b17948ac166a2fbe5977c5954cd9"

[[package]]
name = "linktime-proc-macro"
version = "0.2.3"
source = "registry+https://github.com/rust-lang/crates.io-index"
checksum = "7e57c38c1e860fd37c604281cdfb1dd2216977fd76a50f85ba2f388ef3219616"

[[package]]
name = "xxx"
version = "0.1.0"
source = "git+https://github.com/bleedsa/xxx#29edfd807abb43d068df0094b1a239b37aef1c10"
